
Microsoft Visual Studio Solution File, Format Version 12.00
# Visual Studio Version 17
VisualStudioVersion = 17.6.33815.320
MinimumVisualStudioVersion = 10.0.40219.1
Project("{FAE04EC0-301F-11D3-BF4B-00C04F79EFBC}") = "RealTimeDeviceSystem", "RealTimeDeviceSystem.csproj", "{AF6D6C42-2D04-4A72-A6F1-B3ECF8250D2F}"
EndProject
Global
	GlobalSection(SolutionConfigurationPlatforms) = preSolution
		Debug|Any CPU = Debug|Any CPU
		Release|Any CPU = Release|Any CPU
	EndGlobalSection
	GlobalSection(ProjectConfigurationPlatforms) = postSolution
		{AF6D6C42-2D04-4A72-A6F1-B3ECF8250D2F}.Debug|Any CPU.ActiveCfg = Debug|Any CPU
		{AF6D6C42-2D04-4A72-A6F1-B3ECF8250D2F}.Debug|Any CPU.Build.0 = Debug|Any CPU
		{AF6D6C42-2D04-4A72-A6F1-B3ECF8250D2F}.Release|Any CPU.ActiveCfg = Release|Any CPU
		{AF6D6C42-2D04-4A72-A6F1-B3ECF8250D2F}.Release|Any CPU.Build.0 = Release|Any CPU
	EndGlobalSection
	GlobalSection(SolutionProperties) = preSolution
		HideSolutionNode = FALSE
	EndGlobalSection
	GlobalSection(ExtensibilityGlobals) = postSolution
		SolutionGuid = {91A09A42-81D8-4332-9FBF-8DCF7EA0560F}
	EndGlobalSection
EndGlobal
